// !$*UTF8*$!
{
	archiveVersion = 1;
	classes = {
	};
	objectVersion = 56;
	objects = {

/* Begin PBXBuildFile section */
		220CBAC62C94C54C007ABEFD /* EditarRotaView.swift in Sources */ = {isa = PBXBuildFile; fileRef = 220CBAC52C94C54C007ABEFD /* EditarRotaView.swift */; };
		223FC41D2C90D64100A2988E /* DetalhesRotaView.swift in Sources */ = {isa = PBXBuildFile; fileRef = 223FC41C2C90D64100A2988E /* DetalhesRotaView.swift */; };
		2257AFC22C5D4C4B0021249F /* TourTrackApp.swift in Sources */ = {isa = PBXBuildFile; fileRef = 2257AFC12C5D4C4B0021249F /* TourTrackApp.swift */; };
		2257AFC42C5D4C4B0021249F /* ContentView.swift in Sources */ = {isa = PBXBuildFile; fileRef = 2257AFC32C5D4C4B0021249F /* ContentView.swift */; };
		2257AFC62C5D4C4C0021249F /* Assets.xcassets in Resources */ = {isa = PBXBuildFile; fileRef = 2257AFC52C5D4C4C0021249F /* Assets.xcassets */; };
		2257AFC92C5D4C4C0021249F /* Preview Assets.xcassets in Resources */ = {isa = PBXBuildFile; fileRef = 2257AFC82C5D4C4C0021249F /* Preview Assets.xcassets */; };
		2257AFD32C5D4C4C0021249F /* TourTrackTests.swift in Sources */ = {isa = PBXBuildFile; fileRef = 2257AFD22C5D4C4C0021249F /* TourTrackTests.swift */; };
		2257AFDD2C5D4C4C0021249F /* TourTrackUITests.swift in Sources */ = {isa = PBXBuildFile; fileRef = 2257AFDC2C5D4C4C0021249F /* TourTrackUITests.swift */; };
		2257AFDF2C5D4C4C0021249F /* TourTrackUITestsLaunchTests.swift in Sources */ = {isa = PBXBuildFile; fileRef = 2257AFDE2C5D4C4C0021249F /* TourTrackUITestsLaunchTests.swift */; };
		2257AFEE2C5D4D380021249F /* ExplorarView.swift in Sources */ = {isa = PBXBuildFile; fileRef = 2257AFED2C5D4D380021249F /* ExplorarView.swift */; };
		2257AFF02C5D4D480021249F /* MinhasRotasView.swift in Sources */ = {isa = PBXBuildFile; fileRef = 2257AFEF2C5D4D480021249F /* MinhasRotasView.swift */; };
		2257AFF42C5D4D9F0021249F /* RotasProntasView.swift in Sources */ = {isa = PBXBuildFile; fileRef = 2257AFF32C5D4D9F0021249F /* RotasProntasView.swift */; };
		2257AFF62C5D4DC00021249F /* PerfilView.swift in Sources */ = {isa = PBXBuildFile; fileRef = 2257AFF52C5D4DC00021249F /* PerfilView.swift */; };
		22AB08382C877D3E00F487DD /* CriarMinhasRotasView.swift in Sources */ = {isa = PBXBuildFile; fileRef = 22AB08372C877D3E00F487DD /* CriarMinhasRotasView.swift */; };
		22DC0E4A2C629B0000817A26 /* DetalhesCardView.swift in Sources */ = {isa = PBXBuildFile; fileRef = 22DC0E492C629B0000817A26 /* DetalhesCardView.swift */; };
/* End PBXBuildFile section */

/* Begin PBXContainerItemProxy section */
		2257AFCF2C5D4C4C0021249F /* PBXContainerItemProxy */ = {
			isa = PBXContainerItemProxy;
			containerPortal = 2257AFB62C5D4C4B0021249F /* Project object */;
			proxyType = 1;
			remoteGlobalIDString = 2257AFBD2C5D4C4B0021249F;
			remoteInfo = TourTrack;
		};
		2257AFD92C5D4C4C0021249F /* PBXContainerItemProxy */ = {
			isa = PBXContainerItemProxy;
			containerPortal = 2257AFB62C5D4C4B0021249F /* Project object */;
			proxyType = 1;
			remoteGlobalIDString = 2257AFBD2C5D4C4B0021249F;
			remoteInfo = TourTrack;
		};
/* End PBXContainerItemProxy section */

/* Begin PBXFileReference section */
		220CBAC52C94C54C007ABEFD /* EditarRotaView.swift */ = {isa = PBXFileReference; lastKnownFileType = sourcecode.swift; path = EditarRotaView.swift; sourceTree = "<group>"; };
		223FC41C2C90D64100A2988E /* DetalhesRotaView.swift */ = {isa = PBXFileReference; lastKnownFileType = sourcecode.swift; path = DetalhesRotaView.swift; sourceTree = "<group>"; };
		2257AFBE2C5D4C4B0021249F /* TourTrack.app */ = {isa = PBXFileReference; explicitFileType = wrapper.application; includeInIndex = 0; path = TourTrack.app; sourceTree = BUILT_PRODUCTS_DIR; };
		2257AFC12C5D4C4B0021249F /* TourTrackApp.swift */ = {isa = PBXFileReference; lastKnownFileType = sourcecode.swift; path = TourTrackApp.swift; sourceTree = "<group>"; };
		2257AFC32C5D4C4B0021249F /* ContentView.swift */ = {isa = PBXFileReference; lastKnownFileType = sourcecode.swift; path = ContentView.swift; sourceTree = "<group>"; };
		2257AFC52C5D4C4C0021249F /* Assets.xcassets */ = {isa = PBXFileReference; lastKnownFileType = folder.assetcatalog; path = Assets.xcassets; sourceTree = "<group>"; };
		2257AFC82C5D4C4C0021249F /* Preview Assets.xcassets */ = {isa = PBXFileReference; lastKnownFileType = folder.assetcatalog; path = "Preview Assets.xcassets"; sourceTree = "<group>"; };
		2257AFCE2C5D4C4C0021249F /* TourTrackTests.xctest */ = {isa = PBXFileReference; explicitFileType = wrapper.cfbundle; includeInIndex = 0; path = TourTrackTests.xctest; sourceTree = BUILT_PRODUCTS_DIR; };
		2257AFD22C5D4C4C0021249F /* TourTrackTests.swift */ = {isa = PBXFileReference; lastKnownFileType = sourcecode.swift; path = TourTrackTests.swift; sourceTree = "<group>"; };
		2257AFD82C5D4C4C0021249F /* TourTrackUITests.xctest */ = {isa = PBXFileReference; explicitFileType = wrapper.cfbundle; includeInIndex = 0; path = TourTrackUITests.xctest; sourceTree = BUILT_PRODUCTS_DIR; };
		2257AFDC2C5D4C4C0021249F /* TourTrackUITests.swift */ = {isa = PBXFileReference; lastKnownFileType = sourcecode.swift; path = TourTrackUITests.swift; sourceTree = "<group>"; };
		2257AFDE2C5D4C4C0021249F /* TourTrackUITestsLaunchTests.swift */ = {isa = PBXFileReference; lastKnownFileType = sourcecode.swift; path = TourTrackUITestsLaunchTests.swift; sourceTree = "<group>"; };
		2257AFED2C5D4D380021249F /* ExplorarView.swift */ = {isa = PBXFileReference; lastKnownFileType = sourcecode.swift; path = ExplorarView.swift; sourceTree = "<group>"; };
		2257AFEF2C5D4D480021249F /* MinhasRotasView.swift */ = {isa = PBXFileReference; lastKnownFileType = sourcecode.swift; path = MinhasRotasView.swift; sourceTree = "<group>"; };
		2257AFF32C5D4D9F0021249F /* RotasProntasView.swift */ = {isa = PBXFileReference; lastKnownFileType = sourcecode.swift; path = RotasProntasView.swift; sourceTree = "<group>"; };
		2257AFF52C5D4DC00021249F /* PerfilView.swift */ = {isa = PBXFileReference; lastKnownFileType = sourcecode.swift; path = PerfilView.swift; sourceTree = "<group>"; };
		22AB08372C877D3E00F487DD /* CriarMinhasRotasView.swift */ = {isa = PBXFileReference; lastKnownFileType = sourcecode.swift; path = CriarMinhasRotasView.swift; sourceTree = "<group>"; };
		22DC0E492C629B0000817A26 /* DetalhesCardView.swift */ = {isa = PBXFileReference; lastKnownFileType = sourcecode.swift; path = DetalhesCardView.swift; sourceTree = "<group>"; };
/* End PBXFileReference section */

/* Begin PBXFrameworksBuildPhase section */
		2257AFBB2C5D4C4B0021249F /* Frameworks */ = {
			isa = PBXFrameworksBuildPhase;
			buildActionMask = 2147483647;
			files = (
			);
			runOnlyForDeploymentPostprocessing = 0;
		};
		2257AFCB2C5D4C4C0021249F /* Frameworks */ = {
			isa = PBXFrameworksBuildPhase;
			buildActionMask = 2147483647;
			files = (
			);
			runOnlyForDeploymentPostprocessing = 0;
		};
		2257AFD52C5D4C4C0021249F /* Frameworks */ = {
			isa = PBXFrameworksBuildPhase;
			buildActionMask = 2147483647;
			files = (
			);
			runOnlyForDeploymentPostprocessing = 0;
		};
/* End PBXFrameworksBuildPhase section */

/* Begin PBXGroup section */
		2257AFB52C5D4C4B0021249F = {
			isa = PBXGroup;
			children = (
				2257AFC02C5D4C4B0021249F /* TourTrack */,
				2257AFD12C5D4C4C0021249F /* TourTrackTests */,
				2257AFDB2C5D4C4C0021249F /* TourTrackUITests */,
				2257AFBF2C5D4C4B0021249F /* Products */,
			);
			sourceTree = "<group>";
		};
		2257AFBF2C5D4C4B0021249F /* Products */ = {
			isa = PBXGroup;
			children = (
				2257AFBE2C5D4C4B0021249F /* TourTrack.app */,
				2257AFCE2C5D4C4C0021249F /* TourTrackTests.xctest */,
				2257AFD82C5D4C4C0021249F /* TourTrackUITests.xctest */,
			);
			name = Products;
			sourceTree = "<group>";
		};
		2257AFC02C5D4C4B0021249F /* TourTrack */ = {
			isa = PBXGroup;
			children = (
				2257AFC12C5D4C4B0021249F /* TourTrackApp.swift */,
				2257AFC32C5D4C4B0021249F /* ContentView.swift */,
				2257AFED2C5D4D380021249F /* ExplorarView.swift */,
				22DC0E492C629B0000817A26 /* DetalhesCardView.swift */,
				2257AFEF2C5D4D480021249F /* MinhasRotasView.swift */,
				223FC41C2C90D64100A2988E /* DetalhesRotaView.swift */,
				22AB08372C877D3E00F487DD /* CriarMinhasRotasView.swift */,
				220CBAC52C94C54C007ABEFD /* EditarRotaView.swift */,
				2257AFF32C5D4D9F0021249F /* RotasProntasView.swift */,
				2257AFF52C5D4DC00021249F /* PerfilView.swift */,
				2257AFC52C5D4C4C0021249F /* Assets.xcassets */,
				2257AFC72C5D4C4C0021249F /* Preview Content */,
			);
			path = TourTrack;
			sourceTree = "<group>";
		};
		2257AFC72C5D4C4C0021249F /* Preview Content */ = {
			isa = PBXGroup;
			children = (
				2257AFC82C5D4C4C0021249F /* Preview Assets.xcassets */,
			);
			path = "Preview Content";
			sourceTree = "<group>";
		};
		2257AFD12C5D4C4C0021249F /* TourTrackTests */ = {
			isa = PBXGroup;
			children = (
				2257AFD22C5D4C4C0021249F /* TourTrackTests.swift */,
			);
			path = TourTrackTests;
			sourceTree = "<group>";
		};
		2257AFDB2C5D4C4C0021249F /* TourTrackUITests */ = {
			isa = PBXGroup;
			children = (
				2257AFDC2C5D4C4C0021249F /* TourTrackUITests.swift */,
				2257AFDE2C5D4C4C0021249F /* TourTrackUITestsLaunchTests.swift */,
			);
			path = TourTrackUITests;
			sourceTree = "<group>";
		};
/* End PBXGroup section */

/* Begin PBXNativeTarget section */
		2257AFBD2C5D4C4B0021249F /* TourTrack */ = {
			isa = PBXNativeTarget;
			buildConfigurationList = 2257AFE22C5D4C4C0021249F /* Build configuration list for PBXNativeTarget "TourTrack" */;
			buildPhases = (
				2257AFBA2C5D4C4B0021249F /* Sources */,
				2257AFBB2C5D4C4B0021249F /* Frameworks */,
				2257AFBC2C5D4C4B0021249F /* Resources */,
			);
			buildRules = (
			);
			dependencies = (
			);
			name = TourTrack;
			productName = TourTrack;
			productReference = 2257AFBE2C5D4C4B0021249F /* TourTrack.app */;
			productType = "com.apple.product-type.application";
		};
		2257AFCD2C5D4C4C0021249F /* TourTrackTests */ = {
			isa = PBXNativeTarget;
			buildConfigurationList = 2257AFE52C5D4C4C0021249F /* Build configuration list for PBXNativeTarget "TourTrackTests" */;
			buildPhases = (
				2257AFCA2C5D4C4C0021249F /* Sources */,
				2257AFCB2C5D4C4C0021249F /* Frameworks */,
				2257AFCC2C5D4C4C0021249F /* Resources */,
			);
			buildRules = (
			);
			dependencies = (
				2257AFD02C5D4C4C0021249F /* PBXTargetDependency */,
			);
			name = TourTrackTests;
			productName = TourTrackTests;
			productReference = 2257AFCE2C5D4C4C0021249F /* TourTrackTests.xctest */;
			productType = "com.apple.product-type.bundle.unit-test";
		};
		2257AFD72C5D4C4C0021249F /* TourTrackUITests */ = {
			isa = PBXNativeTarget;
			buildConfigurationList = 2257AFE82C5D4C4C0021249F /* Build configuration list for PBXNativeTarget "TourTrackUITests" */;
			buildPhases = (
				2257AFD42C5D4C4C0021249F /* Sources */,
				2257AFD52C5D4C4C0021249F /* Frameworks */,
				2257AFD62C5D4C4C0021249F /* Resources */,
			);
			buildRules = (
			);
			dependencies = (
				2257AFDA2C5D4C4C0021249F /* PBXTargetDependency */,
			);
			name = TourTrackUITests;
			productName = TourTrackUITests;
			productReference = 2257AFD82C5D4C4C0021249F /* TourTrackUITests.xctest */;
			productType = "com.apple.product-type.bundle.ui-testing";
		};
/* End PBXNativeTarget section */

/* Begin PBXProject section */
		2257AFB62C5D4C4B0021249F /* Project object */ = {
			isa = PBXProject;
			attributes = {
				BuildIndependentTargetsInParallel = 1;
				LastSwiftUpdateCheck = 1520;
				LastUpgradeCheck = 1520;
				TargetAttributes = {
					2257AFBD2C5D4C4B0021249F = {
						CreatedOnToolsVersion = 15.2;
					};
					2257AFCD2C5D4C4C0021249F = {
						CreatedOnToolsVersion = 15.2;
						TestTargetID = 2257AFBD2C5D4C4B0021249F;
					};
					2257AFD72C5D4C4C0021249F = {
						CreatedOnToolsVersion = 15.2;
						TestTargetID = 2257AFBD2C5D4C4B0021249F;
					};
				};
			};
			buildConfigurationList = 2257AFB92C5D4C4B0021249F /* Build configuration list for PBXProject "TourTrack" */;
			compatibilityVersion = "Xcode 14.0";
			developmentRegion = en;
			hasScannedForEncodings = 0;
			knownRegions = (
				en,
				Base,
			);
			mainGroup = 2257AFB52C5D4C4B0021249F;
			productRefGroup = 2257AFBF2C5D4C4B0021249F /* Products */;
			projectDirPath = "";
			projectRoot = "";
			targets = (
				2257AFBD2C5D4C4B0021249F /* TourTrack */,
				2257AFCD2C5D4C4C0021249F /* TourTrackTests */,
				2257AFD72C5D4C4C0021249F /* TourTrackUITests */,
			);
		};
/* End PBXProject section */

/* Begin PBXResourcesBuildPhase section */
		2257AFBC2C5D4C4B0021249F /* Resources */ = {
			isa = PBXResourcesBuildPhase;
			buildActionMask = 2147483647;
			files = (
				2257AFC92C5D4C4C0021249F /* Preview Assets.xcassets in Resources */,
				2257AFC62C5D4C4C0021249F /* Assets.xcassets in Resources */,
			);
			runOnlyForDeploymentPostprocessing = 0;
		};
		2257AFCC2C5D4C4C0021249F /* Resources */ = {
			isa = PBXResourcesBuildPhase;
			buildActionMask = 2147483647;
			files = (
			);
			runOnlyForDeploymentPostprocessing = 0;
		};
		2257AFD62C5D4C4C0021249F /* Resources */ = {
			isa = PBXResourcesBuildPhase;
			buildActionMask = 2147483647;
			files = (
			);
			runOnlyForDeploymentPostprocessing = 0;
		};
/* End PBXResourcesBuildPhase section */

/* Begin PBXSourcesBuildPhase section */
		2257AFBA2C5D4C4B0021249F /* Sources */ = {
			isa = PBXSourcesBuildPhase;
			buildActionMask = 2147483647;
			files = (
				2257AFF02C5D4D480021249F /* MinhasRotasView.swift in Sources */,
				2257AFC42C5D4C4B0021249F /* ContentView.swift in Sources */,
				220CBAC62C94C54C007ABEFD /* EditarRotaView.swift in Sources */,
				22AB08382C877D3E00F487DD /* CriarMinhasRotasView.swift in Sources */,
				223FC41D2C90D64100A2988E /* DetalhesRotaView.swift in Sources */,
				2257AFF42C5D4D9F0021249F /* RotasProntasView.swift in Sources */,
				2257AFC22C5D4C4B0021249F /* TourTrackApp.swift in Sources */,
				22DC0E4A2C629B0000817A26 /* DetalhesCardView.swift in Sources */,
				2257AFF62C5D4DC00021249F /* PerfilView.swift in Sources */,
				2257AFEE2C5D4D380021249F /* ExplorarView.swift in Sources */,
			);
			runOnlyForDeploymentPostprocessing = 0;
		};
		2257AFCA2C5D4C4C0021249F /* Sources */ = {
			isa = PBXSourcesBuildPhase;
			buildActionMask = 2147483647;
			files = (
				2257AFD32C5D4C4C0021249F /* TourTrackTests.swift in Sources */,
			);
			runOnlyForDeploymentPostprocessing = 0;
		};
		2257AFD42C5D4C4C0021249F /* Sources */ = {
			isa = PBXSourcesBuildPhase;
			buildActionMask = 2147483647;
			files = (
				2257AFDF2C5D4C4C0021249F /* TourTrackUITestsLaunchTests.swift in Sources */,
				2257AFDD2C5D4C4C0021249F /* TourTrackUITests.swift in Sources */,
			);
			runOnlyForDeploymentPostprocessing = 0;
		};
/* End PBXSourcesBuildPhase section */

/* Begin PBXTargetDependency section */
		2257AFD02C5D4C4C0021249F /* PBXTargetDependency */ = {
			isa = PBXTargetDependency;
			target = 2257AFBD2C5D4C4B0021249F /* TourTrack */;
			targetProxy = 2257AFCF2C5D4C4C0021249F /* PBXContainerItemProxy */;
		};
		2257AFDA2C5D4C4C0021249F /* PBXTargetDependency */ = {
			isa = PBXTargetDependency;
			target = 2257AFBD2C5D4C4B0021249F /* TourTrack */;
			targetProxy = 2257AFD92C5D4C4C0021249F /* PBXContainerItemProxy */;
		};
/* End PBXTargetDependency section */

/* Begin XCBuildConfiguration section */
		2257AFE02C5D4C4C0021249F /* Debug */ = {
			isa = XCBuildConfiguration;
			buildSettings = {
				ALWAYS_SEARCH_USER_PATHS = NO;
				ASSETCATALOG_COMPILER_GENERATE_SWIFT_ASSET_SYMBOL_EXTENSIONS = YES;
				CLANG_ANALYZER_NONNULL = YES;
				CLANG_ANALYZER_NUMBER_OBJECT_CONVERSION = YES_AGGRESSIVE;
				CLANG_CXX_LANGUAGE_STANDARD = "gnu++20";
				CLANG_ENABLE_MODULES = YES;
				CLANG_ENABLE_OBJC_ARC = YES;
				CLANG_ENABLE_OBJC_WEAK = YES;
				CLANG_WARN_BLOCK_CAPTURE_AUTORELEASING = YES;
				CLANG_WARN_BOOL_CONVERSION = YES;
				CLANG_WARN_COMMA = YES;
				CLANG_WARN_CONSTANT_CONVERSION = YES;
				CLANG_WARN_DEPRECATED_OBJC_IMPLEMENTATIONS = YES;
				CLANG_WARN_DIRECT_OBJC_ISA_USAGE = YES_ERROR;
				CLANG_WARN_DOCUMENTATION_COMMENTS = YES;
				CLANG_WARN_EMPTY_BODY = YES;
				CLANG_WARN_ENUM_CONVERSION = YES;
				CLANG_WARN_INFINITE_RECURSION = YES;
				CLANG_WARN_INT_CONVERSION = YES;
				CLANG_WARN_NON_LITERAL_NULL_CONVERSION = YES;
				CLANG_WARN_OBJC_IMPLICIT_RETAIN_SELF = YES;
				CLANG_WARN_OBJC_LITERAL_CONVERSION = YES;
				CLANG_WARN_OBJC_ROOT_CLASS = YES_ERROR;
				CLANG_WARN_QUOTED_INCLUDE_IN_FRAMEWORK_HEADER = YES;
				CLANG_WARN_RANGE_LOOP_ANALYSIS = YES;
				CLANG_WARN_STRICT_PROTOTYPES = YES;
				CLANG_WARN_SUSPICIOUS_MOVE = YES;
				CLANG_WARN_UNGUARDED_AVAILABILITY = YES_AGGRESSIVE;
				CLANG_WARN_UNREACHABLE_CODE = YES;
				CLANG_WARN__DUPLICATE_METHOD_MATCH = YES;
				COPY_PHASE_STRIP = NO;
				DEBUG_INFORMATION_FORMAT = dwarf;
				ENABLE_STRICT_OBJC_MSGSEND = YES;
				ENABLE_TESTABILITY = YES;
				ENABLE_USER_SCRIPT_SANDBOXING = YES;
				GCC_C_LANGUAGE_STANDARD = gnu17;
				GCC_DYNAMIC_NO_PIC = NO;
				GCC_NO_COMMON_BLOCKS = YES;
				GCC_OPTIMIZATION_LEVEL = 0;
				GCC_PREPROCESSOR_DEFINITIONS = (
					"DEBUG=1",
					"$(inherited)",
				);
				GCC_WARN_64_TO_32_BIT_CONVERSION = YES;
				GCC_WARN_ABOUT_RETURN_TYPE = YES_ERROR;
				GCC_WARN_UNDECLARED_SELECTOR = YES;
				GCC_WARN_UNINITIALIZED_AUTOS = YES_AGGRESSIVE;
				GCC_WARN_UNUSED_FUNCTION = YES;
				GCC_WARN_UNUSED_VARIABLE = YES;
				IPHONEOS_DEPLOYMENT_TARGET = 17.2;
				LOCALIZATION_PREFERS_STRING_CATALOGS = YES;
				MTL_ENABLE_DEBUG_INFO = INCLUDE_SOURCE;
				MTL_FAST_MATH = YES;
				ONLY_ACTIVE_ARCH = YES;
				SDKROOT = iphoneos;
				SWIFT_ACTIVE_COMPILATION_CONDITIONS = "DEBUG $(inherited)";
				SWIFT_OPTIMIZATION_LEVEL = "-Onone";
			};
			name = Debug;
		};
		2257AFE12C5D4C4C0021249F /* Release */ = {
			isa = XCBuildConfiguration;
			buildSettings = {
				ALWAYS_SEARCH_USER_PATHS = NO;
				ASSETCATALOG_COMPILER_GENERATE_SWIFT_ASSET_SYMBOL_EXTENSIONS = YES;
				CLANG_ANALYZER_NONNULL = YES;
				CLANG_ANALYZER_NUMBER_OBJECT_CONVERSION = YES_AGGRESSIVE;
				CLANG_CXX_LANGUAGE_STANDARD = "gnu++20";
				CLANG_ENABLE_MODULES = YES;
				CLANG_ENABLE_OBJC_ARC = YES;
				CLANG_ENABLE_OBJC_WEAK = YES;
				CLANG_WARN_BLOCK_CAPTURE_AUTORELEASING = YES;
				CLANG_WARN_BOOL_CONVERSION = YES;
				CLANG_WARN_COMMA = YES;
				CLANG_WARN_CONSTANT_CONVERSION = YES;
				CLANG_WARN_DEPRECATED_OBJC_IMPLEMENTATIONS = YES;
				CLANG_WARN_DIRECT_OBJC_ISA_USAGE = YES_ERROR;
				CLANG_WARN_DOCUMENTATION_COMMENTS = YES;
				CLANG_WARN_EMPTY_BODY = YES;
				CLANG_WARN_ENUM_CONVERSION = YES;
				CLANG_WARN_INFINITE_RECURSION = YES;
				CLANG_WARN_INT_CONVERSION = YES;
				CLANG_WARN_NON_LITERAL_NULL_CONVERSION = YES;
				CLANG_WARN_OBJC_IMPLICIT_RETAIN_SELF = YES;
				CLANG_WARN_OBJC_LITERAL_CONVERSION = YES;
				CLANG_WARN_OBJC_ROOT_CLASS = YES_ERROR;
				CLANG_WARN_QUOTED_INCLUDE_IN_FRAMEWORK_HEADER = YES;
				CLANG_WARN_RANGE_LOOP_ANALYSIS = YES;
				CLANG_WARN_STRICT_PROTOTYPES = YES;
				CLANG_WARN_SUSPICIOUS_MOVE = YES;
				CLANG_WARN_UNGUARDED_AVAILABILITY = YES_AGGRESSIVE;
				CLANG_WARN_UNREACHABLE_CODE = YES;
				CLANG_WARN__DUPLICATE_METHOD_MATCH = YES;
				COPY_PHASE_STRIP = NO;
				DEBUG_INFORMATION_FORMAT = "dwarf-with-dsym";
				ENABLE_NS_ASSERTIONS = NO;
				ENABLE_STRICT_OBJC_MSGSEND = YES;
				ENABLE_USER_SCRIPT_SANDBOXING = YES;
				GCC_C_LANGUAGE_STANDARD = gnu17;
				GCC_NO_COMMON_BLOCKS = YES;
				GCC_WARN_64_TO_32_BIT_CONVERSION = YES;
				GCC_WARN_ABOUT_RETURN_TYPE = YES_ERROR;
				GCC_WARN_UNDECLARED_SELECTOR = YES;
				GCC_WARN_UNINITIALIZED_AUTOS = YES_AGGRESSIVE;
				GCC_WARN_UNUSED_FUNCTION = YES;
				GCC_WARN_UNUSED_VARIABLE = YES;
				IPHONEOS_DEPLOYMENT_TARGET = 17.2;
				LOCALIZATION_PREFERS_STRING_CATALOGS = YES;
				MTL_ENABLE_DEBUG_INFO = NO;
				MTL_FAST_MATH = YES;
				SDKROOT = iphoneos;
				SWIFT_COMPILATION_MODE = wholemodule;
				VALIDATE_PRODUCT = YES;
			};
			name = Release;
		};
		2257AFE32C5D4C4C0021249F /* Debug */ = {
			isa = XCBuildConfiguration;
			buildSettings = {
				ASSETCATALOG_COMPILER_APPICON_NAME = AppIcon;
				ASSETCATALOG_COMPILER_GLOBAL_ACCENT_COLOR_NAME = AccentColor;
				CODE_SIGN_STYLE = Automatic;
				CURRENT_PROJECT_VERSION = 1;
				DEVELOPMENT_ASSET_PATHS = "\"TourTrack/Preview Content\"";
				DEVELOPMENT_TEAM = 45BX7W7QF5;
				ENABLE_PREVIEWS = YES;
				GENERATE_INFOPLIST_FILE = YES;
				INFOPLIST_KEY_UIApplicationSceneManifest_Generation = YES;
				INFOPLIST_KEY_UIApplicationSupportsIndirectInputEvents = YES;
				INFOPLIST_KEY_UILaunchScreen_Generation = YES;
				INFOPLIST_KEY_UISupportedInterfaceOrientations_iPad = "UIInterfaceOrientationPortrait UIInterfaceOrientationPortraitUpsideDown UIInterfaceOrientationLandscapeLeft UIInterfaceOrientationLandscapeRight";
				INFOPLIST_KEY_UISupportedInterfaceOrientations_iPhone = "UIInterfaceOrientationPortrait UIInterfaceOrientationLandscapeLeft UIInterfaceOrientationLandscapeRight";
				IPHONEOS_DEPLOYMENT_TARGET = 17.0;
				LD_RUNPATH_SEARCH_PATHS = (
					"$(inherited)",
					"@executable_path/Frameworks",
				);
				MARKETING_VERSION = 1.0;
				PRODUCT_BUNDLE_IDENTIFIER = Victor.TourTrack;
				PRODUCT_NAME = "$(TARGET_NAME)";
				SWIFT_EMIT_LOC_STRINGS = YES;
				SWIFT_VERSION = 5.0;
				TARGETED_DEVICE_FAMILY = "1,2";
			};
			name = Debug;
		};
		2257AFE42C5D4C4C0021249F /* Release */ = {
			isa = XCBuildConfiguration;
			buildSettings = {
				ASSETCATALOG_COMPILER_APPICON_NAME = AppIcon;
				ASSETCATALOG_COMPILER_GLOBAL_ACCENT_COLOR_NAME = AccentColor;
				CODE_SIGN_STYLE = Automatic;
				CURRENT_PROJECT_VERSION = 1;
				DEVELOPMENT_ASSET_PATHS = "\"TourTrack/Preview Content\"";
				DEVELOPMENT_TEAM = 45BX7W7QF5;
				ENABLE_PREVIEWS = YES;
				GENERATE_INFOPLIST_FILE = YES;
				INFOPLIST_KEY_UIApplicationSceneManifest_Generation = YES;
				INFOPLIST_KEY_UIApplicationSupportsIndirectInputEvents = YES;
				INFOPLIST_KEY_UILaunchScreen_Generation = YES;
				INFOPLIST_KEY_UISupportedInterfaceOrientations_iPad = "UIInterfaceOrientationPortrait UIInterfaceOrientationPortraitUpsideDown UIInterfaceOrientationLandscapeLeft UIInterfaceOrientationLandscapeRight";
				INFOPLIST_KEY_UISupportedInterfaceOrientations_iPhone = "UIInterfaceOrientationPortrait UIInterfaceOrientationLandscapeLeft UIInterfaceOrientationLandscapeRight";
				IPHONEOS_DEPLOYMENT_TARGET = 17.0;
				LD_RUNPATH_SEARCH_PATHS = (
					"$(inherited)",
					"@executable_path/Frameworks",
				);
				MARKETING_VERSION = 1.0;
				PRODUCT_BUNDLE_IDENTIFIER = Victor.TourTrack;
				PRODUCT_NAME = "$(TARGET_NAME)";
				SWIFT_EMIT_LOC_STRINGS = YES;
				SWIFT_VERSION = 5.0;
				TARGETED_DEVICE_FAMILY = "1,2";
			};
			name = Release;
		};
		2257AFE62C5D4C4C0021249F /* Debug */ = {
			isa = XCBuildConfiguration;
			buildSettings = {
				ALWAYS_EMBED_SWIFT_STANDARD_LIBRARIES = YES;
				BUNDLE_LOADER = "$(TEST_HOST)";
				CODE_SIGN_STYLE = Automatic;
				CURRENT_PROJECT_VERSION = 1;
				GENERATE_INFOPLIST_FILE = YES;
				IPHONEOS_DEPLOYMENT_TARGET = 17.2;
				MARKETING_VERSION = 1.0;
				PRODUCT_BUNDLE_IDENTIFIER = Victor.TourTrackTests;
				PRODUCT_NAME = "$(TARGET_NAME)";
				SWIFT_EMIT_LOC_STRINGS = NO;
				SWIFT_VERSION = 5.0;
				TARGETED_DEVICE_FAMILY = "1,2";
				TEST_HOST = "$(BUILT_PRODUCTS_DIR)/TourTrack.app/$(BUNDLE_EXECUTABLE_FOLDER_PATH)/TourTrack";
			};
			name = Debug;
		};
		2257AFE72C5D4C4C0021249F /* Release */ = {
			isa = XCBuildConfiguration;
			buildSettings = {
				ALWAYS_EMBED_SWIFT_STANDARD_LIBRARIES = YES;
				BUNDLE_LOADER = "$(TEST_HOST)";
				CODE_SIGN_STYLE = Automatic;
				CURRENT_PROJECT_VERSION = 1;
				GENERATE_INFOPLIST_FILE = YES;
				IPHONEOS_DEPLOYMENT_TARGET = 17.2;
				MARKETING_VERSION = 1.0;
				PRODUCT_BUNDLE_IDENTIFIER = Victor.TourTrackTests;
				PRODUCT_NAME = "$(TARGET_NAME)";
				SWIFT_EMIT_LOC_STRINGS = NO;
				SWIFT_VERSION = 5.0;
				TARGETED_DEVICE_FAMILY = "1,2";
				TEST_HOST = "$(BUILT_PRODUCTS_DIR)/TourTrack.app/$(BUNDLE_EXECUTABLE_FOLDER_PATH)/TourTrack";
			};
			name = Release;
		};
		2257AFE92C5D4C4C0021249F /* Debug */ = {
			isa = XCBuildConfiguration;
			buildSettings = {
				ALWAYS_EMBED_SWIFT_STANDARD_LIBRARIES = YES;
				CODE_SIGN_STYLE = Automatic;
				CURRENT_PROJECT_VERSION = 1;
				GENERATE_INFOPLIST_FILE = YES;
				MARKETING_VERSION = 1.0;
				PRODUCT_BUNDLE_IDENTIFIER = Victor.TourTrackUITests;
				PRODUCT_NAME = "$(TARGET_NAME)";
				SWIFT_EMIT_LOC_STRINGS = NO;
				SWIFT_VERSION = 5.0;
				TARGETED_DEVICE_FAMILY = "1,2";
				TEST_TARGET_NAME = TourTrack;
			};
			name = Debug;
		};
		2257AFEA2C5D4C4C0021249F /* Release */ = {
			isa = XCBuildConfiguration;
			buildSettings = {
				ALWAYS_EMBED_SWIFT_STANDARD_LIBRARIES = YES;
				CODE_SIGN_STYLE = Automatic;
				CURRENT_PROJECT_VERSION = 1;
				GENERATE_INFOPLIST_FILE = YES;
				MARKETING_VERSION = 1.0;
				PRODUCT_BUNDLE_IDENTIFIER = Victor.TourTrackUITests;
				PRODUCT_NAME = "$(TARGET_NAME)";
				SWIFT_EMIT_LOC_STRINGS = NO;
				SWIFT_VERSION = 5.0;
				TARGETED_DEVICE_FAMILY = "1,2";
				TEST_TARGET_NAME = TourTrack;
			};
			name = Release;
		};
/* End XCBuildConfiguration section */

/* Begin XCConfigurationList section */
		2257AFB92C5D4C4B0021249F /* Build configuration list for PBXProject "TourTrack" */ = {
			isa = XCConfigurationList;
			buildConfigurations = (
				2257AFE02C5D4C4C0021249F /* Debug */,
				2257AFE12C5D4C4C0021249F /* Release */,
			);
			defaultConfigurationIsVisible = 0;
			defaultConfigurationName = Release;
		};
		2257AFE22C5D4C4C0021249F /* Build configuration list for PBXNativeTarget "TourTrack" */ = {
			isa = XCConfigurationList;
			buildConfigurations = (
				2257AFE32C5D4C4C0021249F /* Debug */,
				2257AFE42C5D4C4C0021249F /* Release */,
			);
			defaultConfigurationIsVisible = 0;
			defaultConfigurationName = Release;
		};
		2257AFE52C5D4C4C0021249F /* Build configuration list for PBXNativeTarget "TourTrackTests" */ = {
			isa = XCConfigurationList;
			buildConfigurations = (
				2257AFE62C5D4C4C0021249F /* Debug */,
				2257AFE72C5D4C4C0021249F /* Release */,
			);
			defaultConfigurationIsVisible = 0;
			defaultConfigurationName = Release;
		};
		2257AFE82C5D4C4C0021249F /* Build configuration list for PBXNativeTarget "TourTrackUITests" */ = {
			isa = XCConfigurationList;
			buildConfigurations = (
				2257AFE92C5D4C4C0021249F /* Debug */,
				2257AFEA2C5D4C4C0021249F /* Release */,
			);
			defaultConfigurationIsVisible = 0;
			defaultConfigurationName = Release;
		};
/* End XCConfigurationList section */
	};
	rootObject = 2257AFB62C5D4C4B0021249F /* Project object */;
}
