// !$*UTF8*$!
{
	archiveVersion = 1;
	classes = {
	};
	objectVersion = 56;
	objects = {

/* Begin PBXBuildFile section */
		222190AF2C6690C900C2A76D /* DetalhesCardView.swift in Sources */ = {isa = PBXBuildFile; fileRef = 222190AE2C6690C900C2A76D /* DetalhesCardView.swift */; };
		22590B502BDC350800C6D4FD /* SuperAppApp.swift in Sources */ = {isa = PBXBuildFile; fileRef = 22590B4F2BDC350800C6D4FD /* SuperAppApp.swift */; };
		22590B522BDC350800C6D4FD /* ContentView.swift in Sources */ = {isa = PBXBuildFile; fileRef = 22590B512BDC350800C6D4FD /* ContentView.swift */; };
		22590B542BDC350900C6D4FD /* Assets.xcassets in Resources */ = {isa = PBXBuildFile; fileRef = 22590B532BDC350900C6D4FD /* Assets.xcassets */; };
		22590B572BDC350900C6D4FD /* Preview Assets.xcassets in Resources */ = {isa = PBXBuildFile; fileRef = 22590B562BDC350900C6D4FD /* Preview Assets.xcassets */; };
		22590B612BDC350900C6D4FD /* SuperAppTests.swift in Sources */ = {isa = PBXBuildFile; fileRef = 22590B602BDC350900C6D4FD /* SuperAppTests.swift */; };
		22590B6B2BDC350900C6D4FD /* SuperAppUITests.swift in Sources */ = {isa = PBXBuildFile; fileRef = 22590B6A2BDC350900C6D4FD /* SuperAppUITests.swift */; };
		22590B6D2BDC350900C6D4FD /* SuperAppUITestsLaunchTests.swift in Sources */ = {isa = PBXBuildFile; fileRef = 22590B6C2BDC350900C6D4FD /* SuperAppUITestsLaunchTests.swift */; };
		2293C81D2BE56D8B00929F56 /* MinhasRotasView.swift in Sources */ = {isa = PBXBuildFile; fileRef = 2293C81C2BE56D8B00929F56 /* MinhasRotasView.swift */; };
		2293C81F2BE56D9A00929F56 /* RotasProntasViews.swift in Sources */ = {isa = PBXBuildFile; fileRef = 2293C81E2BE56D9A00929F56 /* RotasProntasViews.swift */; };
		2293C8212BE56DB200929F56 /* PerfilView.swift in Sources */ = {isa = PBXBuildFile; fileRef = 2293C8202BE56DB200929F56 /* PerfilView.swift */; };
		2293C8232BE56EF300929F56 /* ExplorarView.swift in Sources */ = {isa = PBXBuildFile; fileRef = 2293C8222BE56EF300929F56 /* ExplorarView.swift */; };
/* End PBXBuildFile section */

/* Begin PBXContainerItemProxy section */
		22590B5D2BDC350900C6D4FD /* PBXContainerItemProxy */ = {
			isa = PBXContainerItemProxy;
			containerPortal = 22590B442BDC350800C6D4FD /* Project object */;
			proxyType = 1;
			remoteGlobalIDString = 22590B4B2BDC350800C6D4FD;
			remoteInfo = SuperApp;
		};
		22590B672BDC350900C6D4FD /* PBXContainerItemProxy */ = {
			isa = PBXContainerItemProxy;
			containerPortal = 22590B442BDC350800C6D4FD /* Project object */;
			proxyType = 1;
			remoteGlobalIDString = 22590B4B2BDC350800C6D4FD;
			remoteInfo = SuperApp;
		};
/* End PBXContainerItemProxy section */

/* Begin PBXFileReference section */
		222190AE2C6690C900C2A76D /* DetalhesCardView.swift */ = {isa = PBXFileReference; lastKnownFileType = sourcecode.swift; path = DetalhesCardView.swift; sourceTree = "<group>"; };
		22590B4C2BDC350800C6D4FD /* SuperApp.app */ = {isa = PBXFileReference; explicitFileType = wrapper.application; includeInIndex = 0; path = SuperApp.app; sourceTree = BUILT_PRODUCTS_DIR; };
		22590B4F2BDC350800C6D4FD /* SuperAppApp.swift */ = {isa = PBXFileReference; lastKnownFileType = sourcecode.swift; path = SuperAppApp.swift; sourceTree = "<group>"; };
		22590B512BDC350800C6D4FD /* ContentView.swift */ = {isa = PBXFileReference; lastKnownFileType = sourcecode.swift; path = ContentView.swift; sourceTree = "<group>"; };
		22590B532BDC350900C6D4FD /* Assets.xcassets */ = {isa = PBXFileReference; lastKnownFileType = folder.assetcatalog; path = Assets.xcassets; sourceTree = "<group>"; };
		22590B562BDC350900C6D4FD /* Preview Assets.xcassets */ = {isa = PBXFileReference; lastKnownFileType = folder.assetcatalog; path = "Preview Assets.xcassets"; sourceTree = "<group>"; };
		22590B5C2BDC350900C6D4FD /* SuperAppTests.xctest */ = {isa = PBXFileReference; explicitFileType = wrapper.cfbundle; includeInIndex = 0; path = SuperAppTests.xctest; sourceTree = BUILT_PRODUCTS_DIR; };
		22590B602BDC350900C6D4FD /* SuperAppTests.swift */ = {isa = PBXFileReference; lastKnownFileType = sourcecode.swift; path = SuperAppTests.swift; sourceTree = "<group>"; };
		22590B662BDC350900C6D4FD /* SuperAppUITests.xctest */ = {isa = PBXFileReference; explicitFileType = wrapper.cfbundle; includeInIndex = 0; path = SuperAppUITests.xctest; sourceTree = BUILT_PRODUCTS_DIR; };
		22590B6A2BDC350900C6D4FD /* SuperAppUITests.swift */ = {isa = PBXFileReference; lastKnownFileType = sourcecode.swift; path = SuperAppUITests.swift; sourceTree = "<group>"; };
		22590B6C2BDC350900C6D4FD /* SuperAppUITestsLaunchTests.swift */ = {isa = PBXFileReference; lastKnownFileType = sourcecode.swift; path = SuperAppUITestsLaunchTests.swift; sourceTree = "<group>"; };
		2293C81C2BE56D8B00929F56 /* MinhasRotasView.swift */ = {isa = PBXFileReference; lastKnownFileType = sourcecode.swift; path = MinhasRotasView.swift; sourceTree = "<group>"; };
		2293C81E2BE56D9A00929F56 /* RotasProntasViews.swift */ = {isa = PBXFileReference; lastKnownFileType = sourcecode.swift; path = RotasProntasViews.swift; sourceTree = "<group>"; };
		2293C8202BE56DB200929F56 /* PerfilView.swift */ = {isa = PBXFileReference; lastKnownFileType = sourcecode.swift; path = PerfilView.swift; sourceTree = "<group>"; };
		2293C8222BE56EF300929F56 /* ExplorarView.swift */ = {isa = PBXFileReference; lastKnownFileType = sourcecode.swift; path = ExplorarView.swift; sourceTree = "<group>"; };
/* End PBXFileReference section */

/* Begin PBXFrameworksBuildPhase section */
		22590B492BDC350800C6D4FD /* Frameworks */ = {
			isa = PBXFrameworksBuildPhase;
			buildActionMask = 2147483647;
			files = (
			);
			runOnlyForDeploymentPostprocessing = 0;
		};
		22590B592BDC350900C6D4FD /* Frameworks */ = {
			isa = PBXFrameworksBuildPhase;
			buildActionMask = 2147483647;
			files = (
			);
			runOnlyForDeploymentPostprocessing = 0;
		};
		22590B632BDC350900C6D4FD /* Frameworks */ = {
			isa = PBXFrameworksBuildPhase;
			buildActionMask = 2147483647;
			files = (
			);
			runOnlyForDeploymentPostprocessing = 0;
		};
/* End PBXFrameworksBuildPhase section */

/* Begin PBXGroup section */
		22590B432BDC350800C6D4FD = {
			isa = PBXGroup;
			children = (
				22590B4E2BDC350800C6D4FD /* SuperApp */,
				22590B5F2BDC350900C6D4FD /* SuperAppTests */,
				22590B692BDC350900C6D4FD /* SuperAppUITests */,
				22590B4D2BDC350800C6D4FD /* Products */,
			);
			sourceTree = "<group>";
		};
		22590B4D2BDC350800C6D4FD /* Products */ = {
			isa = PBXGroup;
			children = (
				22590B4C2BDC350800C6D4FD /* SuperApp.app */,
				22590B5C2BDC350900C6D4FD /* SuperAppTests.xctest */,
				22590B662BDC350900C6D4FD /* SuperAppUITests.xctest */,
			);
			name = Products;
			sourceTree = "<group>";
		};
		22590B4E2BDC350800C6D4FD /* SuperApp */ = {
			isa = PBXGroup;
			children = (
				22590B4F2BDC350800C6D4FD /* SuperAppApp.swift */,
				22590B512BDC350800C6D4FD /* ContentView.swift */,
				2293C8222BE56EF300929F56 /* ExplorarView.swift */,
				222190AE2C6690C900C2A76D /* DetalhesCardView.swift */,
				2293C81C2BE56D8B00929F56 /* MinhasRotasView.swift */,
				2293C81E2BE56D9A00929F56 /* RotasProntasViews.swift */,
				2293C8202BE56DB200929F56 /* PerfilView.swift */,
				22590B532BDC350900C6D4FD /* Assets.xcassets */,
				22590B552BDC350900C6D4FD /* Preview Content */,
			);
			path = SuperApp;
			sourceTree = "<group>";
		};
		22590B552BDC350900C6D4FD /* Preview Content */ = {
			isa = PBXGroup;
			children = (
				22590B562BDC350900C6D4FD /* Preview Assets.xcassets */,
			);
			path = "Preview Content";
			sourceTree = "<group>";
		};
		22590B5F2BDC350900C6D4FD /* SuperAppTests */ = {
			isa = PBXGroup;
			children = (
				22590B602BDC350900C6D4FD /* SuperAppTests.swift */,
			);
			path = SuperAppTests;
			sourceTree = "<group>";
		};
		22590B692BDC350900C6D4FD /* SuperAppUITests */ = {
			isa = PBXGroup;
			children = (
				22590B6A2BDC350900C6D4FD /* SuperAppUITests.swift */,
				22590B6C2BDC350900C6D4FD /* SuperAppUITestsLaunchTests.swift */,
			);
			path = SuperAppUITests;
			sourceTree = "<group>";
		};
/* End PBXGroup section */

/* Begin PBXNativeTarget section */
		22590B4B2BDC350800C6D4FD /* SuperApp */ = {
			isa = PBXNativeTarget;
			buildConfigurationList = 22590B702BDC350900C6D4FD /* Build configuration list for PBXNativeTarget "SuperApp" */;
			buildPhases = (
				22590B482BDC350800C6D4FD /* Sources */,
				22590B492BDC350800C6D4FD /* Frameworks */,
				22590B4A2BDC350800C6D4FD /* Resources */,
			);
			buildRules = (
			);
			dependencies = (
				2293C8262BE573EC00929F56 /* PBXTargetDependency */,
			);
			name = SuperApp;
			productName = SuperApp;
			productReference = 22590B4C2BDC350800C6D4FD /* SuperApp.app */;
			productType = "com.apple.product-type.application";
		};
		22590B5B2BDC350900C6D4FD /* SuperAppTests */ = {
			isa = PBXNativeTarget;
			buildConfigurationList = 22590B732BDC350900C6D4FD /* Build configuration list for PBXNativeTarget "SuperAppTests" */;
			buildPhases = (
				22590B582BDC350900C6D4FD /* Sources */,
				22590B592BDC350900C6D4FD /* Frameworks */,
				22590B5A2BDC350900C6D4FD /* Resources */,
			);
			buildRules = (
			);
			dependencies = (
				22590B5E2BDC350900C6D4FD /* PBXTargetDependency */,
			);
			name = SuperAppTests;
			productName = SuperAppTests;
			productReference = 22590B5C2BDC350900C6D4FD /* SuperAppTests.xctest */;
			productType = "com.apple.product-type.bundle.unit-test";
		};
		22590B652BDC350900C6D4FD /* SuperAppUITests */ = {
			isa = PBXNativeTarget;
			buildConfigurationList = 22590B762BDC350900C6D4FD /* Build configuration list for PBXNativeTarget "SuperAppUITests" */;
			buildPhases = (
				22590B622BDC350900C6D4FD /* Sources */,
				22590B632BDC350900C6D4FD /* Frameworks */,
				22590B642BDC350900C6D4FD /* Resources */,
			);
			buildRules = (
			);
			dependencies = (
				22590B682BDC350900C6D4FD /* PBXTargetDependency */,
			);
			name = SuperAppUITests;
			productName = SuperAppUITests;
			productReference = 22590B662BDC350900C6D4FD /* SuperAppUITests.xctest */;
			productType = "com.apple.product-type.bundle.ui-testing";
		};
/* End PBXNativeTarget section */

/* Begin PBXProject section */
		22590B442BDC350800C6D4FD /* Project object */ = {
			isa = PBXProject;
			attributes = {
				BuildIndependentTargetsInParallel = 1;
				LastSwiftUpdateCheck = 1520;
				LastUpgradeCheck = 1520;
				TargetAttributes = {
					22590B4B2BDC350800C6D4FD = {
						CreatedOnToolsVersion = 15.2;
					};
					22590B5B2BDC350900C6D4FD = {
						CreatedOnToolsVersion = 15.2;
						TestTargetID = 22590B4B2BDC350800C6D4FD;
					};
					22590B652BDC350900C6D4FD = {
						CreatedOnToolsVersion = 15.2;
						TestTargetID = 22590B4B2BDC350800C6D4FD;
					};
				};
			};
			buildConfigurationList = 22590B472BDC350800C6D4FD /* Build configuration list for PBXProject "SuperApp" */;
			compatibilityVersion = "Xcode 14.0";
			developmentRegion = en;
			hasScannedForEncodings = 0;
			knownRegions = (
				en,
				Base,
			);
			mainGroup = 22590B432BDC350800C6D4FD;
			packageReferences = (
				2293C8242BE5734000929F56 /* XCRemoteSwiftPackageReference "swiftui-lint" */,
			);
			productRefGroup = 22590B4D2BDC350800C6D4FD /* Products */;
			projectDirPath = "";
			projectRoot = "";
			targets = (
				22590B4B2BDC350800C6D4FD /* SuperApp */,
				22590B5B2BDC350900C6D4FD /* SuperAppTests */,
				22590B652BDC350900C6D4FD /* SuperAppUITests */,
			);
		};
/* End PBXProject section */

/* Begin PBXResourcesBuildPhase section */
		22590B4A2BDC350800C6D4FD /* Resources */ = {
			isa = PBXResourcesBuildPhase;
			buildActionMask = 2147483647;
			files = (
				22590B572BDC350900C6D4FD /* Preview Assets.xcassets in Resources */,
				22590B542BDC350900C6D4FD /* Assets.xcassets in Resources */,
			);
			runOnlyForDeploymentPostprocessing = 0;
		};
		22590B5A2BDC350900C6D4FD /* Resources */ = {
			isa = PBXResourcesBuildPhase;
			buildActionMask = 2147483647;
			files = (
			);
			runOnlyForDeploymentPostprocessing = 0;
		};
		22590B642BDC350900C6D4FD /* Resources */ = {
			isa = PBXResourcesBuildPhase;
			buildActionMask = 2147483647;
			files = (
			);
			runOnlyForDeploymentPostprocessing = 0;
		};
/* End PBXResourcesBuildPhase section */

/* Begin PBXSourcesBuildPhase section */
		22590B482BDC350800C6D4FD /* Sources */ = {
			isa = PBXSourcesBuildPhase;
			buildActionMask = 2147483647;
			files = (
				2293C81D2BE56D8B00929F56 /* MinhasRotasView.swift in Sources */,
				22590B522BDC350800C6D4FD /* ContentView.swift in Sources */,
				2293C81F2BE56D9A00929F56 /* RotasProntasViews.swift in Sources */,
				2293C8212BE56DB200929F56 /* PerfilView.swift in Sources */,
				222190AF2C6690C900C2A76D /* DetalhesCardView.swift in Sources */,
				22590B502BDC350800C6D4FD /* SuperAppApp.swift in Sources */,
				2293C8232BE56EF300929F56 /* ExplorarView.swift in Sources */,
			);
			runOnlyForDeploymentPostprocessing = 0;
		};
		22590B582BDC350900C6D4FD /* Sources */ = {
			isa = PBXSourcesBuildPhase;
			buildActionMask = 2147483647;
			files = (
				22590B612BDC350900C6D4FD /* SuperAppTests.swift in Sources */,
			);
			runOnlyForDeploymentPostprocessing = 0;
		};
		22590B622BDC350900C6D4FD /* Sources */ = {
			isa = PBXSourcesBuildPhase;
			buildActionMask = 2147483647;
			files = (
				22590B6D2BDC350900C6D4FD /* SuperAppUITestsLaunchTests.swift in Sources */,
				22590B6B2BDC350900C6D4FD /* SuperAppUITests.swift in Sources */,
			);
			runOnlyForDeploymentPostprocessing = 0;
		};
/* End PBXSourcesBuildPhase section */

/* Begin PBXTargetDependency section */
		22590B5E2BDC350900C6D4FD /* PBXTargetDependency */ = {
			isa = PBXTargetDependency;
			target = 22590B4B2BDC350800C6D4FD /* SuperApp */;
			targetProxy = 22590B5D2BDC350900C6D4FD /* PBXContainerItemProxy */;
		};
		22590B682BDC350900C6D4FD /* PBXTargetDependency */ = {
			isa = PBXTargetDependency;
			target = 22590B4B2BDC350800C6D4FD /* SuperApp */;
			targetProxy = 22590B672BDC350900C6D4FD /* PBXContainerItemProxy */;
		};
		2293C8262BE573EC00929F56 /* PBXTargetDependency */ = {
			isa = PBXTargetDependency;
			productRef = 2293C8252BE573EC00929F56 /* SwiftUILintPlugin */;
		};
/* End PBXTargetDependency section */

/* Begin XCBuildConfiguration section */
		22590B6E2BDC350900C6D4FD /* Debug */ = {
			isa = XCBuildConfiguration;
			buildSettings = {
				ALWAYS_SEARCH_USER_PATHS = NO;
				ASSETCATALOG_COMPILER_GENERATE_SWIFT_ASSET_SYMBOL_EXTENSIONS = YES;
				CLANG_ANALYZER_NONNULL = YES;
				CLANG_ANALYZER_NUMBER_OBJECT_CONVERSION = YES_AGGRESSIVE;
				CLANG_CXX_LANGUAGE_STANDARD = "gnu++20";
				CLANG_ENABLE_MODULES = YES;
				CLANG_ENABLE_OBJC_ARC = YES;
				CLANG_ENABLE_OBJC_WEAK = YES;
				CLANG_WARN_BLOCK_CAPTURE_AUTORELEASING = YES;
				CLANG_WARN_BOOL_CONVERSION = YES;
				CLANG_WARN_COMMA = YES;
				CLANG_WARN_CONSTANT_CONVERSION = YES;
				CLANG_WARN_DEPRECATED_OBJC_IMPLEMENTATIONS = YES;
				CLANG_WARN_DIRECT_OBJC_ISA_USAGE = YES_ERROR;
				CLANG_WARN_DOCUMENTATION_COMMENTS = YES;
				CLANG_WARN_EMPTY_BODY = YES;
				CLANG_WARN_ENUM_CONVERSION = YES;
				CLANG_WARN_INFINITE_RECURSION = YES;
				CLANG_WARN_INT_CONVERSION = YES;
				CLANG_WARN_NON_LITERAL_NULL_CONVERSION = YES;
				CLANG_WARN_OBJC_IMPLICIT_RETAIN_SELF = YES;
				CLANG_WARN_OBJC_LITERAL_CONVERSION = YES;
				CLANG_WARN_OBJC_ROOT_CLASS = YES_ERROR;
				CLANG_WARN_QUOTED_INCLUDE_IN_FRAMEWORK_HEADER = YES;
				CLANG_WARN_RANGE_LOOP_ANALYSIS = YES;
				CLANG_WARN_STRICT_PROTOTYPES = YES;
				CLANG_WARN_SUSPICIOUS_MOVE = YES;
				CLANG_WARN_UNGUARDED_AVAILABILITY = YES_AGGRESSIVE;
				CLANG_WARN_UNREACHABLE_CODE = YES;
				CLANG_WARN__DUPLICATE_METHOD_MATCH = YES;
				COPY_PHASE_STRIP = NO;
				DEBUG_INFORMATION_FORMAT = dwarf;
				ENABLE_STRICT_OBJC_MSGSEND = YES;
				ENABLE_TESTABILITY = YES;
				ENABLE_USER_SCRIPT_SANDBOXING = YES;
				GCC_C_LANGUAGE_STANDARD = gnu17;
				GCC_DYNAMIC_NO_PIC = NO;
				GCC_NO_COMMON_BLOCKS = YES;
				GCC_OPTIMIZATION_LEVEL = 0;
				GCC_PREPROCESSOR_DEFINITIONS = (
					"DEBUG=1",
					"$(inherited)",
				);
				GCC_WARN_64_TO_32_BIT_CONVERSION = YES;
				GCC_WARN_ABOUT_RETURN_TYPE = YES_ERROR;
				GCC_WARN_UNDECLARED_SELECTOR = YES;
				GCC_WARN_UNINITIALIZED_AUTOS = YES_AGGRESSIVE;
				GCC_WARN_UNUSED_FUNCTION = YES;
				GCC_WARN_UNUSED_VARIABLE = YES;
				IPHONEOS_DEPLOYMENT_TARGET = 17.2;
				LOCALIZATION_PREFERS_STRING_CATALOGS = YES;
				MTL_ENABLE_DEBUG_INFO = INCLUDE_SOURCE;
				MTL_FAST_MATH = YES;
				ONLY_ACTIVE_ARCH = YES;
				SDKROOT = iphoneos;
				SWIFT_ACTIVE_COMPILATION_CONDITIONS = "DEBUG $(inherited)";
				SWIFT_OPTIMIZATION_LEVEL = "-Onone";
			};
			name = Debug;
		};
		22590B6F2BDC350900C6D4FD /* Release */ = {
			isa = XCBuildConfiguration;
			buildSettings = {
				ALWAYS_SEARCH_USER_PATHS = NO;
				ASSETCATALOG_COMPILER_GENERATE_SWIFT_ASSET_SYMBOL_EXTENSIONS = YES;
				CLANG_ANALYZER_NONNULL = YES;
				CLANG_ANALYZER_NUMBER_OBJECT_CONVERSION = YES_AGGRESSIVE;
				CLANG_CXX_LANGUAGE_STANDARD = "gnu++20";
				CLANG_ENABLE_MODULES = YES;
				CLANG_ENABLE_OBJC_ARC = YES;
				CLANG_ENABLE_OBJC_WEAK = YES;
				CLANG_WARN_BLOCK_CAPTURE_AUTORELEASING = YES;
				CLANG_WARN_BOOL_CONVERSION = YES;
				CLANG_WARN_COMMA = YES;
				CLANG_WARN_CONSTANT_CONVERSION = YES;
				CLANG_WARN_DEPRECATED_OBJC_IMPLEMENTATIONS = YES;
				CLANG_WARN_DIRECT_OBJC_ISA_USAGE = YES_ERROR;
				CLANG_WARN_DOCUMENTATION_COMMENTS = YES;
				CLANG_WARN_EMPTY_BODY = YES;
				CLANG_WARN_ENUM_CONVERSION = YES;
				CLANG_WARN_INFINITE_RECURSION = YES;
				CLANG_WARN_INT_CONVERSION = YES;
				CLANG_WARN_NON_LITERAL_NULL_CONVERSION = YES;
				CLANG_WARN_OBJC_IMPLICIT_RETAIN_SELF = YES;
				CLANG_WARN_OBJC_LITERAL_CONVERSION = YES;
				CLANG_WARN_OBJC_ROOT_CLASS = YES_ERROR;
				CLANG_WARN_QUOTED_INCLUDE_IN_FRAMEWORK_HEADER = YES;
				CLANG_WARN_RANGE_LOOP_ANALYSIS = YES;
				CLANG_WARN_STRICT_PROTOTYPES = YES;
				CLANG_WARN_SUSPICIOUS_MOVE = YES;
				CLANG_WARN_UNGUARDED_AVAILABILITY = YES_AGGRESSIVE;
				CLANG_WARN_UNREACHABLE_CODE = YES;
				CLANG_WARN__DUPLICATE_METHOD_MATCH = YES;
				COPY_PHASE_STRIP = NO;
				DEBUG_INFORMATION_FORMAT = "dwarf-with-dsym";
				ENABLE_NS_ASSERTIONS = NO;
				ENABLE_STRICT_OBJC_MSGSEND = YES;
				ENABLE_USER_SCRIPT_SANDBOXING = YES;
				GCC_C_LANGUAGE_STANDARD = gnu17;
				GCC_NO_COMMON_BLOCKS = YES;
				GCC_WARN_64_TO_32_BIT_CONVERSION = YES;
				GCC_WARN_ABOUT_RETURN_TYPE = YES_ERROR;
				GCC_WARN_UNDECLARED_SELECTOR = YES;
				GCC_WARN_UNINITIALIZED_AUTOS = YES_AGGRESSIVE;
				GCC_WARN_UNUSED_FUNCTION = YES;
				GCC_WARN_UNUSED_VARIABLE = YES;
				IPHONEOS_DEPLOYMENT_TARGET = 17.2;
				LOCALIZATION_PREFERS_STRING_CATALOGS = YES;
				MTL_ENABLE_DEBUG_INFO = NO;
				MTL_FAST_MATH = YES;
				SDKROOT = iphoneos;
				SWIFT_COMPILATION_MODE = wholemodule;
				VALIDATE_PRODUCT = YES;
			};
			name = Release;
		};
		22590B712BDC350900C6D4FD /* Debug */ = {
			isa = XCBuildConfiguration;
			buildSettings = {
				ASSETCATALOG_COMPILER_APPICON_NAME = AppIcon;
				ASSETCATALOG_COMPILER_GLOBAL_ACCENT_COLOR_NAME = AccentColor;
				CODE_SIGN_STYLE = Automatic;
				CURRENT_PROJECT_VERSION = 1;
				DEVELOPMENT_ASSET_PATHS = "\"SuperApp/Preview Content\"";
				ENABLE_PREVIEWS = YES;
				GENERATE_INFOPLIST_FILE = YES;
				INFOPLIST_KEY_UIApplicationSceneManifest_Generation = YES;
				INFOPLIST_KEY_UIApplicationSupportsIndirectInputEvents = YES;
				INFOPLIST_KEY_UILaunchScreen_Generation = YES;
				INFOPLIST_KEY_UISupportedInterfaceOrientations_iPad = "UIInterfaceOrientationPortrait UIInterfaceOrientationPortraitUpsideDown UIInterfaceOrientationLandscapeLeft UIInterfaceOrientationLandscapeRight";
				INFOPLIST_KEY_UISupportedInterfaceOrientations_iPhone = "UIInterfaceOrientationPortrait UIInterfaceOrientationLandscapeLeft UIInterfaceOrientationLandscapeRight";
				LD_RUNPATH_SEARCH_PATHS = (
					"$(inherited)",
					"@executable_path/Frameworks",
				);
				MARKETING_VERSION = 1.0;
				PRODUCT_BUNDLE_IDENTIFIER = Ruth.Gustavo.SuperApp;
				PRODUCT_NAME = "$(TARGET_NAME)";
				SWIFT_EMIT_LOC_STRINGS = YES;
				SWIFT_VERSION = 5.0;
				TARGETED_DEVICE_FAMILY = "1,2";
			};
			name = Debug;
		};
		22590B722BDC350900C6D4FD /* Release */ = {
			isa = XCBuildConfiguration;
			buildSettings = {
				ASSETCATALOG_COMPILER_APPICON_NAME = AppIcon;
				ASSETCATALOG_COMPILER_GLOBAL_ACCENT_COLOR_NAME = AccentColor;
				CODE_SIGN_STYLE = Automatic;
				CURRENT_PROJECT_VERSION = 1;
				DEVELOPMENT_ASSET_PATHS = "\"SuperApp/Preview Content\"";
				ENABLE_PREVIEWS = YES;
				GENERATE_INFOPLIST_FILE = YES;
				INFOPLIST_KEY_UIApplicationSceneManifest_Generation = YES;
				INFOPLIST_KEY_UIApplicationSupportsIndirectInputEvents = YES;
				INFOPLIST_KEY_UILaunchScreen_Generation = YES;
				INFOPLIST_KEY_UISupportedInterfaceOrientations_iPad = "UIInterfaceOrientationPortrait UIInterfaceOrientationPortraitUpsideDown UIInterfaceOrientationLandscapeLeft UIInterfaceOrientationLandscapeRight";
				INFOPLIST_KEY_UISupportedInterfaceOrientations_iPhone = "UIInterfaceOrientationPortrait UIInterfaceOrientationLandscapeLeft UIInterfaceOrientationLandscapeRight";
				LD_RUNPATH_SEARCH_PATHS = (
					"$(inherited)",
					"@executable_path/Frameworks",
				);
				MARKETING_VERSION = 1.0;
				PRODUCT_BUNDLE_IDENTIFIER = Ruth.Gustavo.SuperApp;
				PRODUCT_NAME = "$(TARGET_NAME)";
				SWIFT_EMIT_LOC_STRINGS = YES;
				SWIFT_VERSION = 5.0;
				TARGETED_DEVICE_FAMILY = "1,2";
			};
			name = Release;
		};
		22590B742BDC350900C6D4FD /* Debug */ = {
			isa = XCBuildConfiguration;
			buildSettings = {
				ALWAYS_EMBED_SWIFT_STANDARD_LIBRARIES = YES;
				BUNDLE_LOADER = "$(TEST_HOST)";
				CODE_SIGN_STYLE = Automatic;
				CURRENT_PROJECT_VERSION = 1;
				GENERATE_INFOPLIST_FILE = YES;
				IPHONEOS_DEPLOYMENT_TARGET = 17.2;
				MARKETING_VERSION = 1.0;
				PRODUCT_BUNDLE_IDENTIFIER = Ruth.Gustavo.SuperAppTests;
				PRODUCT_NAME = "$(TARGET_NAME)";
				SWIFT_EMIT_LOC_STRINGS = NO;
				SWIFT_VERSION = 5.0;
				TARGETED_DEVICE_FAMILY = "1,2";
				TEST_HOST = "$(BUILT_PRODUCTS_DIR)/SuperApp.app/$(BUNDLE_EXECUTABLE_FOLDER_PATH)/SuperApp";
			};
			name = Debug;
		};
		22590B752BDC350900C6D4FD /* Release */ = {
			isa = XCBuildConfiguration;
			buildSettings = {
				ALWAYS_EMBED_SWIFT_STANDARD_LIBRARIES = YES;
				BUNDLE_LOADER = "$(TEST_HOST)";
				CODE_SIGN_STYLE = Automatic;
				CURRENT_PROJECT_VERSION = 1;
				GENERATE_INFOPLIST_FILE = YES;
				IPHONEOS_DEPLOYMENT_TARGET = 17.2;
				MARKETING_VERSION = 1.0;
				PRODUCT_BUNDLE_IDENTIFIER = Ruth.Gustavo.SuperAppTests;
				PRODUCT_NAME = "$(TARGET_NAME)";
				SWIFT_EMIT_LOC_STRINGS = NO;
				SWIFT_VERSION = 5.0;
				TARGETED_DEVICE_FAMILY = "1,2";
				TEST_HOST = "$(BUILT_PRODUCTS_DIR)/SuperApp.app/$(BUNDLE_EXECUTABLE_FOLDER_PATH)/SuperApp";
			};
			name = Release;
		};
		22590B772BDC350900C6D4FD /* Debug */ = {
			isa = XCBuildConfiguration;
			buildSettings = {
				ALWAYS_EMBED_SWIFT_STANDARD_LIBRARIES = YES;
				CODE_SIGN_STYLE = Automatic;
				CURRENT_PROJECT_VERSION = 1;
				GENERATE_INFOPLIST_FILE = YES;
				MARKETING_VERSION = 1.0;
				PRODUCT_BUNDLE_IDENTIFIER = Ruth.Gustavo.SuperAppUITests;
				PRODUCT_NAME = "$(TARGET_NAME)";
				SWIFT_EMIT_LOC_STRINGS = NO;
				SWIFT_VERSION = 5.0;
				TARGETED_DEVICE_FAMILY = "1,2";
				TEST_TARGET_NAME = SuperApp;
			};
			name = Debug;
		};
		22590B782BDC350900C6D4FD /* Release */ = {
			isa = XCBuildConfiguration;
			buildSettings = {
				ALWAYS_EMBED_SWIFT_STANDARD_LIBRARIES = YES;
				CODE_SIGN_STYLE = Automatic;
				CURRENT_PROJECT_VERSION = 1;
				GENERATE_INFOPLIST_FILE = YES;
				MARKETING_VERSION = 1.0;
				PRODUCT_BUNDLE_IDENTIFIER = Ruth.Gustavo.SuperAppUITests;
				PRODUCT_NAME = "$(TARGET_NAME)";
				SWIFT_EMIT_LOC_STRINGS = NO;
				SWIFT_VERSION = 5.0;
				TARGETED_DEVICE_FAMILY = "1,2";
				TEST_TARGET_NAME = SuperApp;
			};
			name = Release;
		};
/* End XCBuildConfiguration section */

/* Begin XCConfigurationList section */
		22590B472BDC350800C6D4FD /* Build configuration list for PBXProject "SuperApp" */ = {
			isa = XCConfigurationList;
			buildConfigurations = (
				22590B6E2BDC350900C6D4FD /* Debug */,
				22590B6F2BDC350900C6D4FD /* Release */,
			);
			defaultConfigurationIsVisible = 0;
			defaultConfigurationName = Release;
		};
		22590B702BDC350900C6D4FD /* Build configuration list for PBXNativeTarget "SuperApp" */ = {
			isa = XCConfigurationList;
			buildConfigurations = (
				22590B712BDC350900C6D4FD /* Debug */,
				22590B722BDC350900C6D4FD /* Release */,
			);
			defaultConfigurationIsVisible = 0;
			defaultConfigurationName = Release;
		};
		22590B732BDC350900C6D4FD /* Build configuration list for PBXNativeTarget "SuperAppTests" */ = {
			isa = XCConfigurationList;
			buildConfigurations = (
				22590B742BDC350900C6D4FD /* Debug */,
				22590B752BDC350900C6D4FD /* Release */,
			);
			defaultConfigurationIsVisible = 0;
			defaultConfigurationName = Release;
		};
		22590B762BDC350900C6D4FD /* Build configuration list for PBXNativeTarget "SuperAppUITests" */ = {
			isa = XCConfigurationList;
			buildConfigurations = (
				22590B772BDC350900C6D4FD /* Debug */,
				22590B782BDC350900C6D4FD /* Release */,
			);
			defaultConfigurationIsVisible = 0;
			defaultConfigurationName = Release;
		};
/* End XCConfigurationList section */

/* Begin XCRemoteSwiftPackageReference section */
		2293C8242BE5734000929F56 /* XCRemoteSwiftPackageReference "swiftui-lint" */ = {
			isa = XCRemoteSwiftPackageReference;
			repositoryURL = "https://github.com/mateusrodriguesxyz/swiftui-lint";
			requirement = {
				branch = beta;
				kind = branch;
			};
		};
/* End XCRemoteSwiftPackageReference section */

/* Begin XCSwiftPackageProductDependency section */
		2293C8252BE573EC00929F56 /* SwiftUILintPlugin */ = {
			isa = XCSwiftPackageProductDependency;
			package = 2293C8242BE5734000929F56 /* XCRemoteSwiftPackageReference "swiftui-lint" */;
			productName = "plugin:SwiftUILintPlugin";
		};
/* End XCSwiftPackageProductDependency section */
	};
	rootObject = 22590B442BDC350800C6D4FD /* Project object */;
}
